// !$*UTF8*$!
{
	archiveVersion = 1;
	classes = {
	};
	objectVersion = 46;
	objects = {

/* Begin PBXBuildFile section */
		3400E4581D1AD57F00E5AE4B /* Notes in Resources */ = {isa = PBXBuildFile; fileRef = 3400E4571D1AD57F00E5AE4B /* Notes */; };
		3400E45B1D1AE91B00E5AE4B /* CustomViewController.m in Sources */ = {isa = PBXBuildFile; fileRef = 3400E45A1D1AE91B00E5AE4B /* CustomViewController.m */; };
		3400E45E1D1AF50F00E5AE4B /* StepperView.m in Sources */ = {isa = PBXBuildFile; fileRef = 3400E45D1D1AF50F00E5AE4B /* StepperView.m */; };
		3404B43E1D11A00700EFAF69 /* CarViewController.m in Sources */ = {isa = PBXBuildFile; fileRef = 3404B43D1D11A00700EFAF69 /* CarViewController.m */; };
		3404B4401D11A64100EFAF69 /* File in Resources */ = {isa = PBXBuildFile; fileRef = 3404B43F1D11A64100EFAF69 /* File */; };
		3404B4431D11A9A600EFAF69 /* Truck.m in Sources */ = {isa = PBXBuildFile; fileRef = 3404B4421D11A9A600EFAF69 /* Truck.m */; };
		3404B4461D11AF1600EFAF69 /* Car.m in Sources */ = {isa = PBXBuildFile; fileRef = 3404B4451D11AF1600EFAF69 /* Car.m */; };
		340AAE301D0F09AA00C488BF /* main.m in Sources */ = {isa = PBXBuildFile; fileRef = 340AAE2F1D0F09AA00C488BF /* main.m */; };
		340AAE331D0F09AA00C488BF /* AppDelegate.m in Sources */ = {isa = PBXBuildFile; fileRef = 340AAE321D0F09AA00C488BF /* AppDelegate.m */; };
		340AAE391D0F09AB00C488BF /* Main.storyboard in Resources */ = {isa = PBXBuildFile; fileRef = 340AAE371D0F09AB00C488BF /* Main.storyboard */; };
		340AAE3B1D0F09AB00C488BF /* Assets.xcassets in Resources */ = {isa = PBXBuildFile; fileRef = 340AAE3A1D0F09AB00C488BF /* Assets.xcassets */; };
		340AAE3E1D0F09AB00C488BF /* LaunchScreen.storyboard in Resources */ = {isa = PBXBuildFile; fileRef = 340AAE3C1D0F09AB00C488BF /* LaunchScreen.storyboard */; };
		340AAE481D0F108300C488BF /* Lecture_1 in Resources */ = {isa = PBXBuildFile; fileRef = 340AAE471D0F108300C488BF /* Lecture_1 */; };
		340AAE4B1D0F152500C488BF /* CatViewController.m in Sources */ = {isa = PBXBuildFile; fileRef = 340AAE4A1D0F152500C488BF /* CatViewController.m */; };
		340AAE4E1D0F231500C488BF /* DogViewController.m in Sources */ = {isa = PBXBuildFile; fileRef = 340AAE4D1D0F231500C488BF /* DogViewController.m */; };
		340AAE501D0F346400C488BF /* Assignment1 in Resources */ = {isa = PBXBuildFile; fileRef = 340AAE4F1D0F346400C488BF /* Assignment1 */; };
		3416E3FC1D2E9548004C3E78 /* AutolayoutsViewController.m in Sources */ = {isa = PBXBuildFile; fileRef = 3416E3FB1D2E9548004C3E78 /* AutolayoutsViewController.m */; };
		3416E3FE1D2E996E004C3E78 /* Resources_Autolayouts in Resources */ = {isa = PBXBuildFile; fileRef = 3416E3FD1D2E996E004C3E78 /* Resources_Autolayouts */; };
		343D318D1D144A500005C301 /* RW-Objective-C-Cheatsheet-v-1-5.pdf in Resources */ = {isa = PBXBuildFile; fileRef = 343D318C1D144A500005C301 /* RW-Objective-C-Cheatsheet-v-1-5.pdf */; };
		34503A4C1D1A1EA0007EDE76 /* RoundedView.m in Sources */ = {isa = PBXBuildFile; fileRef = 34503A4B1D1A1EA0007EDE76 /* RoundedView.m */; };
		346585A51D183BB200DB202B /* Pelican.m in Sources */ = {isa = PBXBuildFile; fileRef = 346585A41D183BB200DB202B /* Pelican.m */; };
		346585A91D183DB800DB202B /* Kingfisher.m in Sources */ = {isa = PBXBuildFile; fileRef = 346585A81D183DB800DB202B /* Kingfisher.m */; };
		346585AF1D183E4700DB202B /* BirdsViewController.m in Sources */ = {isa = PBXBuildFile; fileRef = 346585AE1D183E4700DB202B /* BirdsViewController.m */; };
		346585B21D18409D00DB202B /* LogBirdsViewController.m in Sources */ = {isa = PBXBuildFile; fileRef = 346585B11D18409D00DB202B /* LogBirdsViewController.m */; };
		3467B9F81D1B1C7F00088A5D /* Customer.m in Sources */ = {isa = PBXBuildFile; fileRef = 3467B9F71D1B1C7F00088A5D /* Customer.m */; };
		34921C091D2BF0A500E54761 /* Resources in Resources */ = {isa = PBXBuildFile; fileRef = 34921C081D2BF0A500E54761 /* Resources */; };
		3493F3F81D240C8000D0EAFB /* Resource_UserDefaults in Resources */ = {isa = PBXBuildFile; fileRef = 3493F3F71D240C8000D0EAFB /* Resource_UserDefaults */; };
		3493F3FB1D2417D600D0EAFB /* AddCustomerViewController.m in Sources */ = {isa = PBXBuildFile; fileRef = 3493F3FA1D2417D600D0EAFB /* AddCustomerViewController.m */; };
		3493F3FE1D24221A00D0EAFB /* UserDefaultsViewController.m in Sources */ = {isa = PBXBuildFile; fileRef = 3493F3FD1D24221A00D0EAFB /* UserDefaultsViewController.m */; };
		3493F4011D242C4B00D0EAFB /* Person.m in Sources */ = {isa = PBXBuildFile; fileRef = 3493F4001D242C4B00D0EAFB /* Person.m */; };
		349B243F1D20CFAF0098199E /* DemoGesturesViewController.m in Sources */ = {isa = PBXBuildFile; fileRef = 349B243E1D20CFAF0098199E /* DemoGesturesViewController.m */; };
		34A2799B1D216E5000F1F09B /* Resource_Code in Resources */ = {isa = PBXBuildFile; fileRef = 34A2799A1D216E5000F1F09B /* Resource_Code */; };
		34A279A01D217BAA00F1F09B /* AnimationsViewController.m in Sources */ = {isa = PBXBuildFile; fileRef = 34A2799F1D217BAA00F1F09B /* AnimationsViewController.m */; };
		34A279A31D21887F00F1F09B /* ThemeManager.m in Sources */ = {isa = PBXBuildFile; fileRef = 34A279A21D21887F00F1F09B /* ThemeManager.m */; };
		34A84B341D19898A00FA168A /* CustomersTableViewController.m in Sources */ = {isa = PBXBuildFile; fileRef = 34A84B331D19898A00FA168A /* CustomersTableViewController.m */; };
		34A84B371D199C3700FA168A /* CustomerTableViewCell.m in Sources */ = {isa = PBXBuildFile; fileRef = 34A84B361D199C3700FA168A /* CustomerTableViewCell.m */; };
		34BA3A281D2C00BB004D1655 /* ContainerViewController.m in Sources */ = {isa = PBXBuildFile; fileRef = 34BA3A271D2C00BB004D1655 /* ContainerViewController.m */; };
		34BA3A2B1D2C00DE004D1655 /* SearchViewController.m in Sources */ = {isa = PBXBuildFile; fileRef = 34BA3A2A1D2C00DE004D1655 /* SearchViewController.m */; };
		34BA3A2E1D2C00EB004D1655 /* ResultsViewController.m in Sources */ = {isa = PBXBuildFile; fileRef = 34BA3A2D1D2C00EB004D1655 /* ResultsViewController.m */; };
		34C135C01D2C104200C0479F /* UIKitDynamicsViewController.m in Sources */ = {isa = PBXBuildFile; fileRef = 34C135BF1D2C104200C0479F /* UIKitDynamicsViewController.m */; };
		34E0EB3D1D1042730044B669 /* Lecture_2 in Resources */ = {isa = PBXBuildFile; fileRef = 34E0EB3C1D1042730044B669 /* Lecture_2 */; };
		34E0EB631D1053270044B669 /* DataTypeViewController.m in Sources */ = {isa = PBXBuildFile; fileRef = 34E0EB621D1053270044B669 /* DataTypeViewController.m */; };
		34E0EB661D105D440044B669 /* MethodsViewController.m in Sources */ = {isa = PBXBuildFile; fileRef = 34E0EB651D105D440044B669 /* MethodsViewController.m */; };
		34E0EB6C1D10668C0044B669 /* Dog.m in Sources */ = {isa = PBXBuildFile; fileRef = 34E0EB6B1D10668C0044B669 /* Dog.m */; };
		34E0EB6F1D1067070044B669 /* DogClassViewController.m in Sources */ = {isa = PBXBuildFile; fileRef = 34E0EB6E1D1067070044B669 /* DogClassViewController.m */; };
		34EAAC0E1D1C246C0039EB87 /* CustomViewWithProtocolsController.m in Sources */ = {isa = PBXBuildFile; fileRef = 34EAAC0D1D1C246C0039EB87 /* CustomViewWithProtocolsController.m */; };
		34EAAC111D1C2C720039EB87 /* SwitchView.m in Sources */ = {isa = PBXBuildFile; fileRef = 34EAAC101D1C2C720039EB87 /* SwitchView.m */; };
		34EAAC141D1C49C10039EB87 /* AnotherRoundedView.m in Sources */ = {isa = PBXBuildFile; fileRef = 34EAAC131D1C49C10039EB87 /* AnotherRoundedView.m */; };
		34EAAC171D1C559A0039EB87 /* CreatingUIViewController.m in Sources */ = {isa = PBXBuildFile; fileRef = 34EAAC161D1C559A0039EB87 /* CreatingUIViewController.m */; };
		34F5339B1D12EA05007387E4 /* CalculatorViewController.m in Sources */ = {isa = PBXBuildFile; fileRef = 34F5339A1D12EA05007387E4 /* CalculatorViewController.m */; };
		34F5339E1D12F4EF007387E4 /* Calculator.m in Sources */ = {isa = PBXBuildFile; fileRef = 34F5339D1D12F4EF007387E4 /* Calculator.m */; };
		34F533A11D12F5C5007387E4 /* ScientificCalculatorViewController.m in Sources */ = {isa = PBXBuildFile; fileRef = 34F533A01D12F5C5007387E4 /* ScientificCalculatorViewController.m */; };
		34F533A51D12F6BA007387E4 /* CollectionLessonViewController.m in Sources */ = {isa = PBXBuildFile; fileRef = 34F533A41D12F6BA007387E4 /* CollectionLessonViewController.m */; };
		34F533A91D130AB4007387E4 /* SliderControlViewController.m in Sources */ = {isa = PBXBuildFile; fileRef = 34F533A81D130AB4007387E4 /* SliderControlViewController.m */; };
		34FD0AC61D22BD3000C8C8DB /* FAQWeek2Day2ViewController.m in Sources */ = {isa = PBXBuildFile; fileRef = 34FD0AC51D22BD3000C8C8DB /* FAQWeek2Day2ViewController.m */; };
		34FD0AC91D22C7E900C8C8DB /* SimpleViewController.m in Sources */ = {isa = PBXBuildFile; fileRef = 34FD0AC81D22C7E900C8C8DB /* SimpleViewController.m */; };
		34FD0ACC1D22C85700C8C8DB /* DetailsViewController.m in Sources */ = {isa = PBXBuildFile; fileRef = 34FD0ACB1D22C85700C8C8DB /* DetailsViewController.m */; };
		34FD0ACF1D22CB5300C8C8DB /* CustomerViewController.m in Sources */ = {isa = PBXBuildFile; fileRef = 34FD0ACE1D22CB5300C8C8DB /* CustomerViewController.m */; };
		34FD0AD21D22D61C00C8C8DB /* CustomersListTableViewController.m in Sources */ = {isa = PBXBuildFile; fileRef = 34FD0AD11D22D61C00C8C8DB /* CustomersListTableViewController.m */; };
		34FD0AD51D22D82E00C8C8DB /* AccountViewController.m in Sources */ = {isa = PBXBuildFile; fileRef = 34FD0AD41D22D82E00C8C8DB /* AccountViewController.m */; };
		34FD0AD81D22D85300C8C8DB /* AddAccountViewController.m in Sources */ = {isa = PBXBuildFile; fileRef = 34FD0AD71D22D85300C8C8DB /* AddAccountViewController.m */; };
/* End PBXBuildFile section */

/* Begin PBXFileReference section */
		3400E4571D1AD57F00E5AE4B /* Notes */ = {isa = PBXFileReference; fileEncoding = 4; lastKnownFileType = text; path = Notes; sourceTree = "<group>"; };
		3400E4591D1AE91B00E5AE4B /* CustomViewController.h */ = {isa = PBXFileReference; fileEncoding = 4; lastKnownFileType = sourcecode.c.h; path = CustomViewController.h; sourceTree = "<group>"; };
		3400E45A1D1AE91B00E5AE4B /* CustomViewController.m */ = {isa = PBXFileReference; fileEncoding = 4; lastKnownFileType = sourcecode.c.objc; path = CustomViewController.m; sourceTree = "<group>"; };
		3400E45C1D1AF50F00E5AE4B /* StepperView.h */ = {isa = PBXFileReference; fileEncoding = 4; lastKnownFileType = sourcecode.c.h; path = StepperView.h; sourceTree = "<group>"; };
		3400E45D1D1AF50F00E5AE4B /* StepperView.m */ = {isa = PBXFileReference; fileEncoding = 4; lastKnownFileType = sourcecode.c.objc; path = StepperView.m; sourceTree = "<group>"; };
		3404B43C1D11A00700EFAF69 /* CarViewController.h */ = {isa = PBXFileReference; fileEncoding = 4; lastKnownFileType = sourcecode.c.h; path = CarViewController.h; sourceTree = "<group>"; };
		3404B43D1D11A00700EFAF69 /* CarViewController.m */ = {isa = PBXFileReference; fileEncoding = 4; lastKnownFileType = sourcecode.c.objc; path = CarViewController.m; sourceTree = "<group>"; };
		3404B43F1D11A64100EFAF69 /* File */ = {isa = PBXFileReference; fileEncoding = 4; lastKnownFileType = text; path = File; sourceTree = "<group>"; };
		3404B4411D11A9A600EFAF69 /* Truck.h */ = {isa = PBXFileReference; fileEncoding = 4; lastKnownFileType = sourcecode.c.h; path = Truck.h; sourceTree = "<group>"; };
		3404B4421D11A9A600EFAF69 /* Truck.m */ = {isa = PBXFileReference; fileEncoding = 4; lastKnownFileType = sourcecode.c.objc; path = Truck.m; sourceTree = "<group>"; };
		3404B4441D11AF1600EFAF69 /* Car.h */ = {isa = PBXFileReference; fileEncoding = 4; lastKnownFileType = sourcecode.c.h; path = Car.h; sourceTree = "<group>"; };
		3404B4451D11AF1600EFAF69 /* Car.m */ = {isa = PBXFileReference; fileEncoding = 4; lastKnownFileType = sourcecode.c.objc; path = Car.m; sourceTree = "<group>"; };
		340AAE2B1D0F09AA00C488BF /* HoustoniOSJune2016.app */ = {isa = PBXFileReference; explicitFileType = wrapper.application; includeInIndex = 0; path = HoustoniOSJune2016.app; sourceTree = BUILT_PRODUCTS_DIR; };
		340AAE2F1D0F09AA00C488BF /* main.m */ = {isa = PBXFileReference; lastKnownFileType = sourcecode.c.objc; path = main.m; sourceTree = "<group>"; };
		340AAE311D0F09AA00C488BF /* AppDelegate.h */ = {isa = PBXFileReference; lastKnownFileType = sourcecode.c.h; path = AppDelegate.h; sourceTree = "<group>"; };
		340AAE321D0F09AA00C488BF /* AppDelegate.m */ = {isa = PBXFileReference; lastKnownFileType = sourcecode.c.objc; path = AppDelegate.m; sourceTree = "<group>"; };
		340AAE381D0F09AB00C488BF /* Base */ = {isa = PBXFileReference; lastKnownFileType = file.storyboard; name = Base; path = Base.lproj/Main.storyboard; sourceTree = "<group>"; };
		340AAE3A1D0F09AB00C488BF /* Assets.xcassets */ = {isa = PBXFileReference; lastKnownFileType = folder.assetcatalog; path = Assets.xcassets; sourceTree = "<group>"; };
		340AAE3D1D0F09AB00C488BF /* Base */ = {isa = PBXFileReference; lastKnownFileType = file.storyboard; name = Base; path = Base.lproj/LaunchScreen.storyboard; sourceTree = "<group>"; };
		340AAE3F1D0F09AB00C488BF /* Info.plist */ = {isa = PBXFileReference; lastKnownFileType = text.plist.xml; path = Info.plist; sourceTree = "<group>"; };
		340AAE471D0F108300C488BF /* Lecture_1 */ = {isa = PBXFileReference; fileEncoding = 4; lastKnownFileType = text; path = Lecture_1; sourceTree = "<group>"; };
		340AAE491D0F152500C488BF /* CatViewController.h */ = {isa = PBXFileReference; fileEncoding = 4; lastKnownFileType = sourcecode.c.h; path = CatViewController.h; sourceTree = "<group>"; };
		340AAE4A1D0F152500C488BF /* CatViewController.m */ = {isa = PBXFileReference; fileEncoding = 4; lastKnownFileType = sourcecode.c.objc; path = CatViewController.m; sourceTree = "<group>"; };
		340AAE4C1D0F231500C488BF /* DogViewController.h */ = {isa = PBXFileReference; fileEncoding = 4; lastKnownFileType = sourcecode.c.h; path = DogViewController.h; sourceTree = "<group>"; };
		340AAE4D1D0F231500C488BF /* DogViewController.m */ = {isa = PBXFileReference; fileEncoding = 4; lastKnownFileType = sourcecode.c.objc; path = DogViewController.m; sourceTree = "<group>"; };
		340AAE4F1D0F346400C488BF /* Assignment1 */ = {isa = PBXFileReference; fileEncoding = 4; lastKnownFileType = text; path = Assignment1; sourceTree = "<group>"; };
		3416E3FA1D2E9548004C3E78 /* AutolayoutsViewController.h */ = {isa = PBXFileReference; fileEncoding = 4; lastKnownFileType = sourcecode.c.h; path = AutolayoutsViewController.h; sourceTree = "<group>"; };
		3416E3FB1D2E9548004C3E78 /* AutolayoutsViewController.m */ = {isa = PBXFileReference; fileEncoding = 4; lastKnownFileType = sourcecode.c.objc; path = AutolayoutsViewController.m; sourceTree = "<group>"; };
		3416E3FD1D2E996E004C3E78 /* Resources_Autolayouts */ = {isa = PBXFileReference; fileEncoding = 4; lastKnownFileType = text; path = Resources_Autolayouts; sourceTree = "<group>"; };
		343D318C1D144A500005C301 /* RW-Objective-C-Cheatsheet-v-1-5.pdf */ = {isa = PBXFileReference; lastKnownFileType = image.pdf; path = "RW-Objective-C-Cheatsheet-v-1-5.pdf"; sourceTree = "<group>"; };
		34503A4A1D1A1EA0007EDE76 /* RoundedView.h */ = {isa = PBXFileReference; fileEncoding = 4; lastKnownFileType = sourcecode.c.h; path = RoundedView.h; sourceTree = "<group>"; };
		34503A4B1D1A1EA0007EDE76 /* RoundedView.m */ = {isa = PBXFileReference; fileEncoding = 4; lastKnownFileType = sourcecode.c.objc; path = RoundedView.m; sourceTree = "<group>"; };
		346585A31D183BB200DB202B /* Pelican.h */ = {isa = PBXFileReference; fileEncoding = 4; lastKnownFileType = sourcecode.c.h; path = Pelican.h; sourceTree = "<group>"; };
		346585A41D183BB200DB202B /* Pelican.m */ = {isa = PBXFileReference; fileEncoding = 4; lastKnownFileType = sourcecode.c.objc; path = Pelican.m; sourceTree = "<group>"; };
		346585A61D183C0800DB202B /* Flyable.h */ = {isa = PBXFileReference; fileEncoding = 4; lastKnownFileType = sourcecode.c.h; path = Flyable.h; sourceTree = "<group>"; };
		346585A71D183DB800DB202B /* Kingfisher.h */ = {isa = PBXFileReference; fileEncoding = 4; lastKnownFileType = sourcecode.c.h; path = Kingfisher.h; sourceTree = "<group>"; };
		346585A81D183DB800DB202B /* Kingfisher.m */ = {isa = PBXFileReference; fileEncoding = 4; lastKnownFileType = sourcecode.c.objc; path = Kingfisher.m; sourceTree = "<group>"; };
		346585AD1D183E4700DB202B /* BirdsViewController.h */ = {isa = PBXFileReference; fileEncoding = 4; lastKnownFileType = sourcecode.c.h; path = BirdsViewController.h; sourceTree = "<group>"; };
		346585AE1D183E4700DB202B /* BirdsViewController.m */ = {isa = PBXFileReference; fileEncoding = 4; lastKnownFileType = sourcecode.c.objc; path = BirdsViewController.m; sourceTree = "<group>"; };
		346585B01D18409D00DB202B /* LogBirdsViewController.h */ = {isa = PBXFileReference; fileEncoding = 4; lastKnownFileType = sourcecode.c.h; path = LogBirdsViewController.h; sourceTree = "<group>"; };
		346585B11D18409D00DB202B /* LogBirdsViewController.m */ = {isa = PBXFileReference; fileEncoding = 4; lastKnownFileType = sourcecode.c.objc; path = LogBirdsViewController.m; sourceTree = "<group>"; };
		3467B9F61D1B1C7F00088A5D /* Customer.h */ = {isa = PBXFileReference; fileEncoding = 4; lastKnownFileType = sourcecode.c.h; path = Customer.h; sourceTree = "<group>"; };
		3467B9F71D1B1C7F00088A5D /* Customer.m */ = {isa = PBXFileReference; fileEncoding = 4; lastKnownFileType = sourcecode.c.objc; path = Customer.m; sourceTree = "<group>"; };
		34921C081D2BF0A500E54761 /* Resources */ = {isa = PBXFileReference; fileEncoding = 4; lastKnownFileType = text; path = Resources; sourceTree = "<group>"; };
		3493F3F71D240C8000D0EAFB /* Resource_UserDefaults */ = {isa = PBXFileReference; fileEncoding = 4; lastKnownFileType = text; path = Resource_UserDefaults; sourceTree = "<group>"; };
		3493F3F91D2417D600D0EAFB /* AddCustomerViewController.h */ = {isa = PBXFileReference; fileEncoding = 4; lastKnownFileType = sourcecode.c.h; path = AddCustomerViewController.h; sourceTree = "<group>"; };
		3493F3FA1D2417D600D0EAFB /* AddCustomerViewController.m */ = {isa = PBXFileReference; fileEncoding = 4; lastKnownFileType = sourcecode.c.objc; path = AddCustomerViewController.m; sourceTree = "<group>"; };
		3493F3FC1D24221A00D0EAFB /* UserDefaultsViewController.h */ = {isa = PBXFileReference; fileEncoding = 4; lastKnownFileType = sourcecode.c.h; path = UserDefaultsViewController.h; sourceTree = "<group>"; };
		3493F3FD1D24221A00D0EAFB /* UserDefaultsViewController.m */ = {isa = PBXFileReference; fileEncoding = 4; lastKnownFileType = sourcecode.c.objc; path = UserDefaultsViewController.m; sourceTree = "<group>"; };
		3493F3FF1D242C4B00D0EAFB /* Person.h */ = {isa = PBXFileReference; fileEncoding = 4; lastKnownFileType = sourcecode.c.h; path = Person.h; sourceTree = "<group>"; };
		3493F4001D242C4B00D0EAFB /* Person.m */ = {isa = PBXFileReference; fileEncoding = 4; lastKnownFileType = sourcecode.c.objc; path = Person.m; sourceTree = "<group>"; };
		349B243D1D20CFAF0098199E /* DemoGesturesViewController.h */ = {isa = PBXFileReference; fileEncoding = 4; lastKnownFileType = sourcecode.c.h; path = DemoGesturesViewController.h; sourceTree = "<group>"; };
		349B243E1D20CFAF0098199E /* DemoGesturesViewController.m */ = {isa = PBXFileReference; fileEncoding = 4; lastKnownFileType = sourcecode.c.objc; path = DemoGesturesViewController.m; sourceTree = "<group>"; };
		34A2799A1D216E5000F1F09B /* Resource_Code */ = {isa = PBXFileReference; fileEncoding = 4; lastKnownFileType = text; path = Resource_Code; sourceTree = "<group>"; };
		34A2799E1D217BAA00F1F09B /* AnimationsViewController.h */ = {isa = PBXFileReference; fileEncoding = 4; lastKnownFileType = sourcecode.c.h; path = AnimationsViewController.h; sourceTree = "<group>"; };
		34A2799F1D217BAA00F1F09B /* AnimationsViewController.m */ = {isa = PBXFileReference; fileEncoding = 4; lastKnownFileType = sourcecode.c.objc; path = AnimationsViewController.m; sourceTree = "<group>"; };
		34A279A11D21887F00F1F09B /* ThemeManager.h */ = {isa = PBXFileReference; fileEncoding = 4; lastKnownFileType = sourcecode.c.h; path = ThemeManager.h; sourceTree = "<group>"; };
		34A279A21D21887F00F1F09B /* ThemeManager.m */ = {isa = PBXFileReference; fileEncoding = 4; lastKnownFileType = sourcecode.c.objc; path = ThemeManager.m; sourceTree = "<group>"; };
		34A84B321D19898A00FA168A /* CustomersTableViewController.h */ = {isa = PBXFileReference; fileEncoding = 4; lastKnownFileType = sourcecode.c.h; path = CustomersTableViewController.h; sourceTree = "<group>"; };
		34A84B331D19898A00FA168A /* CustomersTableViewController.m */ = {isa = PBXFileReference; fileEncoding = 4; lastKnownFileType = sourcecode.c.objc; path = CustomersTableViewController.m; sourceTree = "<group>"; };
		34A84B351D199C3700FA168A /* CustomerTableViewCell.h */ = {isa = PBXFileReference; fileEncoding = 4; lastKnownFileType = sourcecode.c.h; path = CustomerTableViewCell.h; sourceTree = "<group>"; };
		34A84B361D199C3700FA168A /* CustomerTableViewCell.m */ = {isa = PBXFileReference; fileEncoding = 4; lastKnownFileType = sourcecode.c.objc; path = CustomerTableViewCell.m; sourceTree = "<group>"; };
		34BA3A261D2C00BB004D1655 /* ContainerViewController.h */ = {isa = PBXFileReference; fileEncoding = 4; lastKnownFileType = sourcecode.c.h; path = ContainerViewController.h; sourceTree = "<group>"; };
		34BA3A271D2C00BB004D1655 /* ContainerViewController.m */ = {isa = PBXFileReference; fileEncoding = 4; lastKnownFileType = sourcecode.c.objc; path = ContainerViewController.m; sourceTree = "<group>"; };
		34BA3A291D2C00DE004D1655 /* SearchViewController.h */ = {isa = PBXFileReference; fileEncoding = 4; lastKnownFileType = sourcecode.c.h; path = SearchViewController.h; sourceTree = "<group>"; };
		34BA3A2A1D2C00DE004D1655 /* SearchViewController.m */ = {isa = PBXFileReference; fileEncoding = 4; lastKnownFileType = sourcecode.c.objc; path = SearchViewController.m; sourceTree = "<group>"; };
		34BA3A2C1D2C00EB004D1655 /* ResultsViewController.h */ = {isa = PBXFileReference; fileEncoding = 4; lastKnownFileType = sourcecode.c.h; path = ResultsViewController.h; sourceTree = "<group>"; };
		34BA3A2D1D2C00EB004D1655 /* ResultsViewController.m */ = {isa = PBXFileReference; fileEncoding = 4; lastKnownFileType = sourcecode.c.objc; path = ResultsViewController.m; sourceTree = "<group>"; };
		34C135BE1D2C104200C0479F /* UIKitDynamicsViewController.h */ = {isa = PBXFileReference; fileEncoding = 4; lastKnownFileType = sourcecode.c.h; path = UIKitDynamicsViewController.h; sourceTree = "<group>"; };
		34C135BF1D2C104200C0479F /* UIKitDynamicsViewController.m */ = {isa = PBXFileReference; fileEncoding = 4; lastKnownFileType = sourcecode.c.objc; path = UIKitDynamicsViewController.m; sourceTree = "<group>"; };
		34E0EB3C1D1042730044B669 /* Lecture_2 */ = {isa = PBXFileReference; fileEncoding = 4; lastKnownFileType = text; path = Lecture_2; sourceTree = "<group>"; };
		34E0EB611D1053270044B669 /* DataTypeViewController.h */ = {isa = PBXFileReference; fileEncoding = 4; lastKnownFileType = sourcecode.c.h; path = DataTypeViewController.h; sourceTree = "<group>"; };
		34E0EB621D1053270044B669 /* DataTypeViewController.m */ = {isa = PBXFileReference; fileEncoding = 4; lastKnownFileType = sourcecode.c.objc; path = DataTypeViewController.m; sourceTree = "<group>"; };
		34E0EB641D105D440044B669 /* MethodsViewController.h */ = {isa = PBXFileReference; fileEncoding = 4; lastKnownFileType = sourcecode.c.h; path = MethodsViewController.h; sourceTree = "<group>"; };
		34E0EB651D105D440044B669 /* MethodsViewController.m */ = {isa = PBXFileReference; fileEncoding = 4; lastKnownFileType = sourcecode.c.objc; path = MethodsViewController.m; sourceTree = "<group>"; };
		34E0EB6A1D10668C0044B669 /* Dog.h */ = {isa = PBXFileReference; fileEncoding = 4; lastKnownFileType = sourcecode.c.h; path = Dog.h; sourceTree = "<group>"; };
		34E0EB6B1D10668C0044B669 /* Dog.m */ = {isa = PBXFileReference; fileEncoding = 4; lastKnownFileType = sourcecode.c.objc; path = Dog.m; sourceTree = "<group>"; };
		34E0EB6D1D1067070044B669 /* DogClassViewController.h */ = {isa = PBXFileReference; fileEncoding = 4; lastKnownFileType = sourcecode.c.h; path = DogClassViewController.h; sourceTree = "<group>"; };
		34E0EB6E1D1067070044B669 /* DogClassViewController.m */ = {isa = PBXFileReference; fileEncoding = 4; lastKnownFileType = sourcecode.c.objc; path = DogClassViewController.m; sourceTree = "<group>"; };
		34EAAC0C1D1C246C0039EB87 /* CustomViewWithProtocolsController.h */ = {isa = PBXFileReference; fileEncoding = 4; lastKnownFileType = sourcecode.c.h; path = CustomViewWithProtocolsController.h; sourceTree = "<group>"; };
		34EAAC0D1D1C246C0039EB87 /* CustomViewWithProtocolsController.m */ = {isa = PBXFileReference; fileEncoding = 4; lastKnownFileType = sourcecode.c.objc; path = CustomViewWithProtocolsController.m; sourceTree = "<group>"; };
		34EAAC0F1D1C2C720039EB87 /* SwitchView.h */ = {isa = PBXFileReference; fileEncoding = 4; lastKnownFileType = sourcecode.c.h; path = SwitchView.h; sourceTree = "<group>"; };
		34EAAC101D1C2C720039EB87 /* SwitchView.m */ = {isa = PBXFileReference; fileEncoding = 4; lastKnownFileType = sourcecode.c.objc; path = SwitchView.m; sourceTree = "<group>"; };
		34EAAC121D1C49C10039EB87 /* AnotherRoundedView.h */ = {isa = PBXFileReference; fileEncoding = 4; lastKnownFileType = sourcecode.c.h; path = AnotherRoundedView.h; sourceTree = "<group>"; };
		34EAAC131D1C49C10039EB87 /* AnotherRoundedView.m */ = {isa = PBXFileReference; fileEncoding = 4; lastKnownFileType = sourcecode.c.objc; path = AnotherRoundedView.m; sourceTree = "<group>"; };
		34EAAC151D1C559A0039EB87 /* CreatingUIViewController.h */ = {isa = PBXFileReference; fileEncoding = 4; lastKnownFileType = sourcecode.c.h; path = CreatingUIViewController.h; sourceTree = "<group>"; };
		34EAAC161D1C559A0039EB87 /* CreatingUIViewController.m */ = {isa = PBXFileReference; fileEncoding = 4; lastKnownFileType = sourcecode.c.objc; path = CreatingUIViewController.m; sourceTree = "<group>"; };
		34F533991D12EA05007387E4 /* CalculatorViewController.h */ = {isa = PBXFileReference; fileEncoding = 4; lastKnownFileType = sourcecode.c.h; path = CalculatorViewController.h; sourceTree = "<group>"; };
		34F5339A1D12EA05007387E4 /* CalculatorViewController.m */ = {isa = PBXFileReference; fileEncoding = 4; lastKnownFileType = sourcecode.c.objc; path = CalculatorViewController.m; sourceTree = "<group>"; };
		34F5339C1D12F4EF007387E4 /* Calculator.h */ = {isa = PBXFileReference; fileEncoding = 4; lastKnownFileType = sourcecode.c.h; path = Calculator.h; sourceTree = "<group>"; };
		34F5339D1D12F4EF007387E4 /* Calculator.m */ = {isa = PBXFileReference; fileEncoding = 4; lastKnownFileType = sourcecode.c.objc; path = Calculator.m; sourceTree = "<group>"; };
		34F5339F1D12F5C5007387E4 /* ScientificCalculatorViewController.h */ = {isa = PBXFileReference; fileEncoding = 4; lastKnownFileType = sourcecode.c.h; path = ScientificCalculatorViewController.h; sourceTree = "<group>"; };
		34F533A01D12F5C5007387E4 /* ScientificCalculatorViewController.m */ = {isa = PBXFileReference; fileEncoding = 4; lastKnownFileType = sourcecode.c.objc; path = ScientificCalculatorViewController.m; sourceTree = "<group>"; };
		34F533A31D12F6BA007387E4 /* CollectionLessonViewController.h */ = {isa = PBXFileReference; fileEncoding = 4; lastKnownFileType = sourcecode.c.h; path = CollectionLessonViewController.h; sourceTree = "<group>"; };
		34F533A41D12F6BA007387E4 /* CollectionLessonViewController.m */ = {isa = PBXFileReference; fileEncoding = 4; lastKnownFileType = sourcecode.c.objc; path = CollectionLessonViewController.m; sourceTree = "<group>"; };
		34F533A71D130AB4007387E4 /* SliderControlViewController.h */ = {isa = PBXFileReference; fileEncoding = 4; lastKnownFileType = sourcecode.c.h; path = SliderControlViewController.h; sourceTree = "<group>"; };
		34F533A81D130AB4007387E4 /* SliderControlViewController.m */ = {isa = PBXFileReference; fileEncoding = 4; lastKnownFileType = sourcecode.c.objc; path = SliderControlViewController.m; sourceTree = "<group>"; };
		34FD0AC41D22BD3000C8C8DB /* FAQWeek2Day2ViewController.h */ = {isa = PBXFileReference; fileEncoding = 4; lastKnownFileType = sourcecode.c.h; path = FAQWeek2Day2ViewController.h; sourceTree = "<group>"; };
		34FD0AC51D22BD3000C8C8DB /* FAQWeek2Day2ViewController.m */ = {isa = PBXFileReference; fileEncoding = 4; lastKnownFileType = sourcecode.c.objc; path = FAQWeek2Day2ViewController.m; sourceTree = "<group>"; };
		34FD0AC71D22C7E900C8C8DB /* SimpleViewController.h */ = {isa = PBXFileReference; fileEncoding = 4; lastKnownFileType = sourcecode.c.h; path = SimpleViewController.h; sourceTree = "<group>"; };
		34FD0AC81D22C7E900C8C8DB /* SimpleViewController.m */ = {isa = PBXFileReference; fileEncoding = 4; lastKnownFileType = sourcecode.c.objc; path = SimpleViewController.m; sourceTree = "<group>"; };
		34FD0ACA1D22C85700C8C8DB /* DetailsViewController.h */ = {isa = PBXFileReference; fileEncoding = 4; lastKnownFileType = sourcecode.c.h; path = DetailsViewController.h; sourceTree = "<group>"; };
		34FD0ACB1D22C85700C8C8DB /* DetailsViewController.m */ = {isa = PBXFileReference; fileEncoding = 4; lastKnownFileType = sourcecode.c.objc; path = DetailsViewController.m; sourceTree = "<group>"; };
		34FD0ACD1D22CB5300C8C8DB /* CustomerViewController.h */ = {isa = PBXFileReference; fileEncoding = 4; lastKnownFileType = sourcecode.c.h; path = CustomerViewController.h; sourceTree = "<group>"; };
		34FD0ACE1D22CB5300C8C8DB /* CustomerViewController.m */ = {isa = PBXFileReference; fileEncoding = 4; lastKnownFileType = sourcecode.c.objc; path = CustomerViewController.m; sourceTree = "<group>"; };
		34FD0AD01D22D61C00C8C8DB /* CustomersListTableViewController.h */ = {isa = PBXFileReference; fileEncoding = 4; lastKnownFileType = sourcecode.c.h; path = CustomersListTableViewController.h; sourceTree = "<group>"; };
		34FD0AD11D22D61C00C8C8DB /* CustomersListTableViewController.m */ = {isa = PBXFileReference; fileEncoding = 4; lastKnownFileType = sourcecode.c.objc; path = CustomersListTableViewController.m; sourceTree = "<group>"; };
		34FD0AD31D22D82E00C8C8DB /* AccountViewController.h */ = {isa = PBXFileReference; fileEncoding = 4; lastKnownFileType = sourcecode.c.h; path = AccountViewController.h; sourceTree = "<group>"; };
		34FD0AD41D22D82E00C8C8DB /* AccountViewController.m */ = {isa = PBXFileReference; fileEncoding = 4; lastKnownFileType = sourcecode.c.objc; path = AccountViewController.m; sourceTree = "<group>"; };
		34FD0AD61D22D85300C8C8DB /* AddAccountViewController.h */ = {isa = PBXFileReference; fileEncoding = 4; lastKnownFileType = sourcecode.c.h; path = AddAccountViewController.h; sourceTree = "<group>"; };
		34FD0AD71D22D85300C8C8DB /* AddAccountViewController.m */ = {isa = PBXFileReference; fileEncoding = 4; lastKnownFileType = sourcecode.c.objc; path = AddAccountViewController.m; sourceTree = "<group>"; };
/* End PBXFileReference section */

/* Begin PBXFrameworksBuildPhase section */
		340AAE281D0F09AA00C488BF /* Frameworks */ = {
			isa = PBXFrameworksBuildPhase;
			buildActionMask = 2147483647;
			files = (
			);
			runOnlyForDeploymentPostprocessing = 0;
		};
/* End PBXFrameworksBuildPhase section */

/* Begin PBXGroup section */
		340AAE221D0F09AA00C488BF = {
			isa = PBXGroup;
			children = (
				340AAE2D1D0F09AA00C488BF /* HoustoniOSJune2016 */,
				340AAE2C1D0F09AA00C488BF /* Products */,
			);
			sourceTree = "<group>";
		};
		340AAE2C1D0F09AA00C488BF /* Products */ = {
			isa = PBXGroup;
			children = (
				340AAE2B1D0F09AA00C488BF /* HoustoniOSJune2016.app */,
			);
			name = Products;
			sourceTree = "<group>";
		};
		340AAE2D1D0F09AA00C488BF /* HoustoniOSJune2016 */ = {
			isa = PBXGroup;
			children = (
				34A528681D2AE1DF00AE5B51 /* Week 4 */,
				349B243C1D20CF9A0098199E /* Week 3 */,
				34C0C6801D165050001988B1 /* Week 2 */,
				343D318B1D144A3F0005C301 /* Resources */,
				340AAE451D0F100500C488BF /* Week 1 */,
				340AAE311D0F09AA00C488BF /* AppDelegate.h */,
				340AAE321D0F09AA00C488BF /* AppDelegate.m */,
				340AAE371D0F09AB00C488BF /* Main.storyboard */,
				340AAE3A1D0F09AB00C488BF /* Assets.xcassets */,
				340AAE3C1D0F09AB00C488BF /* LaunchScreen.storyboard */,
				340AAE3F1D0F09AB00C488BF /* Info.plist */,
				340AAE2E1D0F09AA00C488BF /* Supporting Files */,
			);
			path = HoustoniOSJune2016;
			sourceTree = "<group>";
		};
		340AAE2E1D0F09AA00C488BF /* Supporting Files */ = {
			isa = PBXGroup;
			children = (
				340AAE2F1D0F09AA00C488BF /* main.m */,
			);
			name = "Supporting Files";
			sourceTree = "<group>";
		};
		340AAE451D0F100500C488BF /* Week 1 */ = {
			isa = PBXGroup;
			children = (
				34F533A61D130AA0007387E4 /* Controls */,
				34F533A21D12F69B007387E4 /* Collections */,
				34F533941D12E948007387E4 /* Assignments */,
				341562B31D119C3700A6396A /* ClassesAndObjects */,
				34E0EB3B1D1042430044B669 /* DataTypes */,
				340AAE461D0F100E00C488BF /* Outlets */,
			);
			name = "Week 1";
			sourceTree = "<group>";
		};
		340AAE461D0F100E00C488BF /* Outlets */ = {
			isa = PBXGroup;
			children = (
				340AAE471D0F108300C488BF /* Lecture_1 */,
				340AAE491D0F152500C488BF /* CatViewController.h */,
				340AAE4A1D0F152500C488BF /* CatViewController.m */,
				340AAE4C1D0F231500C488BF /* DogViewController.h */,
				340AAE4D1D0F231500C488BF /* DogViewController.m */,
				340AAE4F1D0F346400C488BF /* Assignment1 */,
			);
			name = Outlets;
			sourceTree = "<group>";
		};
		341562B31D119C3700A6396A /* ClassesAndObjects */ = {
			isa = PBXGroup;
			children = (
				3404B43C1D11A00700EFAF69 /* CarViewController.h */,
				3404B43D1D11A00700EFAF69 /* CarViewController.m */,
				3404B43F1D11A64100EFAF69 /* File */,
				3404B4411D11A9A600EFAF69 /* Truck.h */,
				3404B4421D11A9A600EFAF69 /* Truck.m */,
				3404B4441D11AF1600EFAF69 /* Car.h */,
				3404B4451D11AF1600EFAF69 /* Car.m */,
			);
			name = ClassesAndObjects;
			sourceTree = "<group>";
		};
		3416E3F61D2E94AE004C3E78 /* AutolayoutsAndStackViewLesson */ = {
			isa = PBXGroup;
			children = (
				3416E3FA1D2E9548004C3E78 /* AutolayoutsViewController.h */,
				3416E3FB1D2E9548004C3E78 /* AutolayoutsViewController.m */,
				3416E3FD1D2E996E004C3E78 /* Resources_Autolayouts */,
			);
			name = AutolayoutsAndStackViewLesson;
			sourceTree = "<group>";
		};
		343D318B1D144A3F0005C301 /* Resources */ = {
			isa = PBXGroup;
			children = (
				343D318C1D144A500005C301 /* RW-Objective-C-Cheatsheet-v-1-5.pdf */,
				3400E4571D1AD57F00E5AE4B /* Notes */,
			);
			name = Resources;
			sourceTree = "<group>";
		};
		34503A491D1A164B007EDE76 /* CustomViews */ = {
			isa = PBXGroup;
			children = (
				34503A4A1D1A1EA0007EDE76 /* RoundedView.h */,
				34503A4B1D1A1EA0007EDE76 /* RoundedView.m */,
				3400E4591D1AE91B00E5AE4B /* CustomViewController.h */,
				3400E45A1D1AE91B00E5AE4B /* CustomViewController.m */,
				3400E45C1D1AF50F00E5AE4B /* StepperView.h */,
				3400E45D1D1AF50F00E5AE4B /* StepperView.m */,
				34EAAC0C1D1C246C0039EB87 /* CustomViewWithProtocolsController.h */,
				34EAAC0D1D1C246C0039EB87 /* CustomViewWithProtocolsController.m */,
				34EAAC0F1D1C2C720039EB87 /* SwitchView.h */,
				34EAAC101D1C2C720039EB87 /* SwitchView.m */,
				34EAAC121D1C49C10039EB87 /* AnotherRoundedView.h */,
				34EAAC131D1C49C10039EB87 /* AnotherRoundedView.m */,
				34EAAC151D1C559A0039EB87 /* CreatingUIViewController.h */,
				34EAAC161D1C559A0039EB87 /* CreatingUIViewController.m */,
			);
			name = CustomViews;
			sourceTree = "<group>";
		};
		346585A21D183B9D00DB202B /* ProtocolsLesson */ = {
			isa = PBXGroup;
			children = (
				346585A31D183BB200DB202B /* Pelican.h */,
				346585A41D183BB200DB202B /* Pelican.m */,
				346585A61D183C0800DB202B /* Flyable.h */,
				346585A71D183DB800DB202B /* Kingfisher.h */,
				346585A81D183DB800DB202B /* Kingfisher.m */,
				346585AD1D183E4700DB202B /* BirdsViewController.h */,
				346585AE1D183E4700DB202B /* BirdsViewController.m */,
				346585B01D18409D00DB202B /* LogBirdsViewController.h */,
				346585B11D18409D00DB202B /* LogBirdsViewController.m */,
			);
			name = ProtocolsLesson;
			sourceTree = "<group>";
		};
		348FC8A01D237BC400F1BE07 /* UserDefaults */ = {
			isa = PBXGroup;
			children = (
				3493F3F71D240C8000D0EAFB /* Resource_UserDefaults */,
				3493F3FC1D24221A00D0EAFB /* UserDefaultsViewController.h */,
				3493F3FD1D24221A00D0EAFB /* UserDefaultsViewController.m */,
				3493F3FF1D242C4B00D0EAFB /* Person.h */,
				3493F4001D242C4B00D0EAFB /* Person.m */,
			);
			name = UserDefaults;
			sourceTree = "<group>";
		};
		349B243C1D20CF9A0098199E /* Week 3 */ = {
			isa = PBXGroup;
			children = (
				348FC8A01D237BC400F1BE07 /* UserDefaults */,
				34FD0AC31D22BCF800C8C8DB /* FAQ */,
				34FD0AC21D22BCF000C8C8DB /* Navigation */,
				34A2799D1D217B9300F1F09B /* AnimationsLesson */,
				34A2799C1D21713D00F1F09B /* GesturesLesson */,
				34A279991D216E0100F1F09B /* Resources */,
			);
			name = "Week 3";
			sourceTree = "<group>";
		};
		34A279991D216E0100F1F09B /* Resources */ = {
			isa = PBXGroup;
			children = (
				34A2799A1D216E5000F1F09B /* Resource_Code */,
			);
			name = Resources;
			sourceTree = "<group>";
		};
		34A2799C1D21713D00F1F09B /* GesturesLesson */ = {
			isa = PBXGroup;
			children = (
				349B243D1D20CFAF0098199E /* DemoGesturesViewController.h */,
				349B243E1D20CFAF0098199E /* DemoGesturesViewController.m */,
			);
			name = GesturesLesson;
			sourceTree = "<group>";
		};
		34A2799D1D217B9300F1F09B /* AnimationsLesson */ = {
			isa = PBXGroup;
			children = (
				34A2799E1D217BAA00F1F09B /* AnimationsViewController.h */,
				34A2799F1D217BAA00F1F09B /* AnimationsViewController.m */,
				34A279A11D21887F00F1F09B /* ThemeManager.h */,
				34A279A21D21887F00F1F09B /* ThemeManager.m */,
			);
			name = AnimationsLesson;
			sourceTree = "<group>";
		};
		34A528681D2AE1DF00AE5B51 /* Week 4 */ = {
			isa = PBXGroup;
			children = (
				3416E3F61D2E94AE004C3E78 /* AutolayoutsAndStackViewLesson */,
				34BA3A251D2C00A1004D1655 /* ViewControllerContainment */,
				34921C081D2BF0A500E54761 /* Resources */,
			);
			name = "Week 4";
			sourceTree = "<group>";
		};
		34A84B311D19889D00FA168A /* TableViewLesson */ = {
			isa = PBXGroup;
			children = (
				34A84B321D19898A00FA168A /* CustomersTableViewController.h */,
				34A84B331D19898A00FA168A /* CustomersTableViewController.m */,
				34A84B351D199C3700FA168A /* CustomerTableViewCell.h */,
				34A84B361D199C3700FA168A /* CustomerTableViewCell.m */,
				3467B9F61D1B1C7F00088A5D /* Customer.h */,
				3467B9F71D1B1C7F00088A5D /* Customer.m */,
			);
			name = TableViewLesson;
			sourceTree = "<group>";
		};
		34BA3A251D2C00A1004D1655 /* ViewControllerContainment */ = {
			isa = PBXGroup;
			children = (
				34BA3A261D2C00BB004D1655 /* ContainerViewController.h */,
				34BA3A271D2C00BB004D1655 /* ContainerViewController.m */,
				34BA3A291D2C00DE004D1655 /* SearchViewController.h */,
				34BA3A2A1D2C00DE004D1655 /* SearchViewController.m */,
				34BA3A2C1D2C00EB004D1655 /* ResultsViewController.h */,
				34BA3A2D1D2C00EB004D1655 /* ResultsViewController.m */,
				34C135BE1D2C104200C0479F /* UIKitDynamicsViewController.h */,
				34C135BF1D2C104200C0479F /* UIKitDynamicsViewController.m */,
			);
			name = ViewControllerContainment;
			sourceTree = "<group>";
		};
		34C0C6801D165050001988B1 /* Week 2 */ = {
			isa = PBXGroup;
			children = (
				34503A491D1A164B007EDE76 /* CustomViews */,
				34A84B311D19889D00FA168A /* TableViewLesson */,
				346585A21D183B9D00DB202B /* ProtocolsLesson */,
			);
			name = "Week 2";
			sourceTree = "<group>";
		};
		34E0EB3B1D1042430044B669 /* DataTypes */ = {
			isa = PBXGroup;
			children = (
				34E0EB3C1D1042730044B669 /* Lecture_2 */,
				34E0EB611D1053270044B669 /* DataTypeViewController.h */,
				34E0EB621D1053270044B669 /* DataTypeViewController.m */,
				34E0EB641D105D440044B669 /* MethodsViewController.h */,
				34E0EB651D105D440044B669 /* MethodsViewController.m */,
				34E0EB6A1D10668C0044B669 /* Dog.h */,
				34E0EB6B1D10668C0044B669 /* Dog.m */,
				34E0EB6D1D1067070044B669 /* DogClassViewController.h */,
				34E0EB6E1D1067070044B669 /* DogClassViewController.m */,
			);
			name = DataTypes;
			sourceTree = "<group>";
		};
		34F533941D12E948007387E4 /* Assignments */ = {
			isa = PBXGroup;
			children = (
				34F533951D12E954007387E4 /* Calculator */,
			);
			name = Assignments;
			sourceTree = "<group>";
		};
		34F533951D12E954007387E4 /* Calculator */ = {
			isa = PBXGroup;
			children = (
				34F533991D12EA05007387E4 /* CalculatorViewController.h */,
				34F5339A1D12EA05007387E4 /* CalculatorViewController.m */,
				34F5339C1D12F4EF007387E4 /* Calculator.h */,
				34F5339D1D12F4EF007387E4 /* Calculator.m */,
				34F5339F1D12F5C5007387E4 /* ScientificCalculatorViewController.h */,
				34F533A01D12F5C5007387E4 /* ScientificCalculatorViewController.m */,
			);
			name = Calculator;
			sourceTree = "<group>";
		};
		34F533A21D12F69B007387E4 /* Collections */ = {
			isa = PBXGroup;
			children = (
				34F533A31D12F6BA007387E4 /* CollectionLessonViewController.h */,
				34F533A41D12F6BA007387E4 /* CollectionLessonViewController.m */,
			);
			name = Collections;
			sourceTree = "<group>";
		};
		34F533A61D130AA0007387E4 /* Controls */ = {
			isa = PBXGroup;
			children = (
				34F533A71D130AB4007387E4 /* SliderControlViewController.h */,
				34F533A81D130AB4007387E4 /* SliderControlViewController.m */,
			);
			name = Controls;
			sourceTree = "<group>";
		};
		34FD0AC21D22BCF000C8C8DB /* Navigation */ = {
			isa = PBXGroup;
			children = (
				34FD0AC71D22C7E900C8C8DB /* SimpleViewController.h */,
				34FD0AC81D22C7E900C8C8DB /* SimpleViewController.m */,
				34FD0ACA1D22C85700C8C8DB /* DetailsViewController.h */,
				34FD0ACB1D22C85700C8C8DB /* DetailsViewController.m */,
				34FD0ACD1D22CB5300C8C8DB /* CustomerViewController.h */,
				34FD0ACE1D22CB5300C8C8DB /* CustomerViewController.m */,
				34FD0AD01D22D61C00C8C8DB /* CustomersListTableViewController.h */,
				34FD0AD11D22D61C00C8C8DB /* CustomersListTableViewController.m */,
				34FD0AD31D22D82E00C8C8DB /* AccountViewController.h */,
				34FD0AD41D22D82E00C8C8DB /* AccountViewController.m */,
				34FD0AD61D22D85300C8C8DB /* AddAccountViewController.h */,
				34FD0AD71D22D85300C8C8DB /* AddAccountViewController.m */,
				3493F3F91D2417D600D0EAFB /* AddCustomerViewController.h */,
				3493F3FA1D2417D600D0EAFB /* AddCustomerViewController.m */,
			);
			name = Navigation;
			sourceTree = "<group>";
		};
		34FD0AC31D22BCF800C8C8DB /* FAQ */ = {
			isa = PBXGroup;
			children = (
				34FD0AC41D22BD3000C8C8DB /* FAQWeek2Day2ViewController.h */,
				34FD0AC51D22BD3000C8C8DB /* FAQWeek2Day2ViewController.m */,
			);
			name = FAQ;
			sourceTree = "<group>";
		};
/* End PBXGroup section */

/* Begin PBXNativeTarget section */
		340AAE2A1D0F09AA00C488BF /* HoustoniOSJune2016 */ = {
			isa = PBXNativeTarget;
			buildConfigurationList = 340AAE421D0F09AB00C488BF /* Build configuration list for PBXNativeTarget "HoustoniOSJune2016" */;
			buildPhases = (
				340AAE271D0F09AA00C488BF /* Sources */,
				340AAE281D0F09AA00C488BF /* Frameworks */,
				340AAE291D0F09AA00C488BF /* Resources */,
			);
			buildRules = (
			);
			dependencies = (
			);
			name = HoustoniOSJune2016;
			productName = HoustoniOSJune2016;
			productReference = 340AAE2B1D0F09AA00C488BF /* HoustoniOSJune2016.app */;
			productType = "com.apple.product-type.application";
		};
/* End PBXNativeTarget section */

/* Begin PBXProject section */
		340AAE231D0F09AA00C488BF /* Project object */ = {
			isa = PBXProject;
			attributes = {
				LastUpgradeCheck = 0730;
				ORGANIZATIONNAME = "Mohammad Azam";
				TargetAttributes = {
					340AAE2A1D0F09AA00C488BF = {
						CreatedOnToolsVersion = 7.3.1;
					};
				};
			};
			buildConfigurationList = 340AAE261D0F09AA00C488BF /* Build configuration list for PBXProject "HoustoniOSJune2016" */;
			compatibilityVersion = "Xcode 3.2";
			developmentRegion = English;
			hasScannedForEncodings = 0;
			knownRegions = (
				en,
				Base,
			);
			mainGroup = 340AAE221D0F09AA00C488BF;
			productRefGroup = 340AAE2C1D0F09AA00C488BF /* Products */;
			projectDirPath = "";
			projectRoot = "";
			targets = (
				340AAE2A1D0F09AA00C488BF /* HoustoniOSJune2016 */,
			);
		};
/* End PBXProject section */

/* Begin PBXResourcesBuildPhase section */
		340AAE291D0F09AA00C488BF /* Resources */ = {
			isa = PBXResourcesBuildPhase;
			buildActionMask = 2147483647;
			files = (
				34E0EB3D1D1042730044B669 /* Lecture_2 in Resources */,
				340AAE501D0F346400C488BF /* Assignment1 in Resources */,
				343D318D1D144A500005C301 /* RW-Objective-C-Cheatsheet-v-1-5.pdf in Resources */,
				3416E3FE1D2E996E004C3E78 /* Resources_Autolayouts in Resources */,
				3404B4401D11A64100EFAF69 /* File in Resources */,
				340AAE3E1D0F09AB00C488BF /* LaunchScreen.storyboard in Resources */,
				34A2799B1D216E5000F1F09B /* Resource_Code in Resources */,
				340AAE3B1D0F09AB00C488BF /* Assets.xcassets in Resources */,
				3400E4581D1AD57F00E5AE4B /* Notes in Resources */,
				34921C091D2BF0A500E54761 /* Resources in Resources */,
				340AAE481D0F108300C488BF /* Lecture_1 in Resources */,
				340AAE391D0F09AB00C488BF /* Main.storyboard in Resources */,
				3493F3F81D240C8000D0EAFB /* Resource_UserDefaults in Resources */,
			);
			runOnlyForDeploymentPostprocessing = 0;
		};
/* End PBXResourcesBuildPhase section */

/* Begin PBXSourcesBuildPhase section */
		340AAE271D0F09AA00C488BF /* Sources */ = {
			isa = PBXSourcesBuildPhase;
			buildActionMask = 2147483647;
			files = (
				340AAE4B1D0F152500C488BF /* CatViewController.m in Sources */,
				34F533A51D12F6BA007387E4 /* CollectionLessonViewController.m in Sources */,
				34F533A11D12F5C5007387E4 /* ScientificCalculatorViewController.m in Sources */,
				3404B43E1D11A00700EFAF69 /* CarViewController.m in Sources */,
				34503A4C1D1A1EA0007EDE76 /* RoundedView.m in Sources */,
				34FD0AD21D22D61C00C8C8DB /* CustomersListTableViewController.m in Sources */,
				34F5339B1D12EA05007387E4 /* CalculatorViewController.m in Sources */,
				34FD0AC61D22BD3000C8C8DB /* FAQWeek2Day2ViewController.m in Sources */,
				34FD0ACF1D22CB5300C8C8DB /* CustomerViewController.m in Sources */,
				340AAE331D0F09AA00C488BF /* AppDelegate.m in Sources */,
				34FD0AD81D22D85300C8C8DB /* AddAccountViewController.m in Sources */,
				34A279A01D217BAA00F1F09B /* AnimationsViewController.m in Sources */,
				34E0EB6F1D1067070044B669 /* DogClassViewController.m in Sources */,
				346585AF1D183E4700DB202B /* BirdsViewController.m in Sources */,
				346585B21D18409D00DB202B /* LogBirdsViewController.m in Sources */,
				340AAE301D0F09AA00C488BF /* main.m in Sources */,
				3400E45E1D1AF50F00E5AE4B /* StepperView.m in Sources */,
				34EAAC141D1C49C10039EB87 /* AnotherRoundedView.m in Sources */,
				34BA3A281D2C00BB004D1655 /* ContainerViewController.m in Sources */,
				34C135C01D2C104200C0479F /* UIKitDynamicsViewController.m in Sources */,
				3493F4011D242C4B00D0EAFB /* Person.m in Sources */,
				34FD0ACC1D22C85700C8C8DB /* DetailsViewController.m in Sources */,
				34E0EB661D105D440044B669 /* MethodsViewController.m in Sources */,
				34BA3A2B1D2C00DE004D1655 /* SearchViewController.m in Sources */,
				3404B4461D11AF1600EFAF69 /* Car.m in Sources */,
				34A84B341D19898A00FA168A /* CustomersTableViewController.m in Sources */,
				34E0EB6C1D10668C0044B669 /* Dog.m in Sources */,
				3493F3FB1D2417D600D0EAFB /* AddCustomerViewController.m in Sources */,
				34F533A91D130AB4007387E4 /* SliderControlViewController.m in Sources */,
				340AAE4E1D0F231500C488BF /* DogViewController.m in Sources */,
				34A279A31D21887F00F1F09B /* ThemeManager.m in Sources */,
				3416E3FC1D2E9548004C3E78 /* AutolayoutsViewController.m in Sources */,
				34FD0AD51D22D82E00C8C8DB /* AccountViewController.m in Sources */,
				34EAAC171D1C559A0039EB87 /* CreatingUIViewController.m in Sources */,
				34E0EB631D1053270044B669 /* DataTypeViewController.m in Sources */,
				34BA3A2E1D2C00EB004D1655 /* ResultsViewController.m in Sources */,
				346585A51D183BB200DB202B /* Pelican.m in Sources */,
				34FD0AC91D22C7E900C8C8DB /* SimpleViewController.m in Sources */,
				34EAAC0E1D1C246C0039EB87 /* CustomViewWithProtocolsController.m in Sources */,
				3400E45B1D1AE91B00E5AE4B /* CustomViewController.m in Sources */,
				3404B4431D11A9A600EFAF69 /* Truck.m in Sources */,
				34F5339E1D12F4EF007387E4 /* Calculator.m in Sources */,
				34EAAC111D1C2C720039EB87 /* SwitchView.m in Sources */,
				3493F3FE1D24221A00D0EAFB /* UserDefaultsViewController.m in Sources */,
				349B243F1D20CFAF0098199E /* DemoGesturesViewController.m in Sources */,
				3467B9F81D1B1C7F00088A5D /* Customer.m in Sources */,
				346585A91D183DB800DB202B /* Kingfisher.m in Sources */,
				34A84B371D199C3700FA168A /* CustomerTableViewCell.m in Sources */,
			);
			runOnlyForDeploymentPostprocessing = 0;
		};
/* End PBXSourcesBuildPhase section */

/* Begin PBXVariantGroup section */
		340AAE371D0F09AB00C488BF /* Main.storyboard */ = {
			isa = PBXVariantGroup;
			children = (
				340AAE381D0F09AB00C488BF /* Base */,
			);
			name = Main.storyboard;
			sourceTree = "<group>";
		};
		340AAE3C1D0F09AB00C488BF /* LaunchScreen.storyboard */ = {
			isa = PBXVariantGroup;
			children = (
				340AAE3D1D0F09AB00C488BF /* Base */,
			);
			name = LaunchScreen.storyboard;
			sourceTree = "<group>";
		};
/* End PBXVariantGroup section */

/* Begin XCBuildConfiguration section */
		340AAE401D0F09AB00C488BF /* Debug */ = {
			isa = XCBuildConfiguration;
			buildSettings = {
				ALWAYS_SEARCH_USER_PATHS = NO;
				CLANG_ANALYZER_NONNULL = YES;
				CLANG_CXX_LANGUAGE_STANDARD = "gnu++0x";
				CLANG_CXX_LIBRARY = "libc++";
				CLANG_ENABLE_MODULES = YES;
				CLANG_ENABLE_OBJC_ARC = YES;
				CLANG_WARN_BOOL_CONVERSION = YES;
				CLANG_WARN_CONSTANT_CONVERSION = YES;
				CLANG_WARN_DIRECT_OBJC_ISA_USAGE = YES_ERROR;
				CLANG_WARN_EMPTY_BODY = YES;
				CLANG_WARN_ENUM_CONVERSION = YES;
				CLANG_WARN_INT_CONVERSION = YES;
				CLANG_WARN_OBJC_ROOT_CLASS = YES_ERROR;
				CLANG_WARN_UNREACHABLE_CODE = YES;
				CLANG_WARN__DUPLICATE_METHOD_MATCH = YES;
				"CODE_SIGN_IDENTITY[sdk=iphoneos*]" = "iPhone Developer";
				COPY_PHASE_STRIP = NO;
				DEBUG_INFORMATION_FORMAT = dwarf;
				ENABLE_STRICT_OBJC_MSGSEND = YES;
				ENABLE_TESTABILITY = YES;
				GCC_C_LANGUAGE_STANDARD = gnu99;
				GCC_DYNAMIC_NO_PIC = NO;
				GCC_NO_COMMON_BLOCKS = YES;
				GCC_OPTIMIZATION_LEVEL = 0;
				GCC_PREPROCESSOR_DEFINITIONS = (
					"DEBUG=1",
					"$(inherited)",
				);
				GCC_WARN_64_TO_32_BIT_CONVERSION = YES;
				GCC_WARN_ABOUT_RETURN_TYPE = YES_ERROR;
				GCC_WARN_UNDECLARED_SELECTOR = YES;
				GCC_WARN_UNINITIALIZED_AUTOS = YES_AGGRESSIVE;
				GCC_WARN_UNUSED_FUNCTION = YES;
				GCC_WARN_UNUSED_VARIABLE = YES;
				IPHONEOS_DEPLOYMENT_TARGET = 9.3;
				MTL_ENABLE_DEBUG_INFO = YES;
				ONLY_ACTIVE_ARCH = YES;
				SDKROOT = iphoneos;
				TARGETED_DEVICE_FAMILY = "1,2";
			};
			name = Debug;
		};
		340AAE411D0F09AB00C488BF /* Release */ = {
			isa = XCBuildConfiguration;
			buildSettings = {
				ALWAYS_SEARCH_USER_PATHS = NO;
				CLANG_ANALYZER_NONNULL = YES;
				CLANG_CXX_LANGUAGE_STANDARD = "gnu++0x";
				CLANG_CXX_LIBRARY = "libc++";
				CLANG_ENABLE_MODULES = YES;
				CLANG_ENABLE_OBJC_ARC = YES;
				CLANG_WARN_BOOL_CONVERSION = YES;
				CLANG_WARN_CONSTANT_CONVERSION = YES;
				CLANG_WARN_DIRECT_OBJC_ISA_USAGE = YES_ERROR;
				CLANG_WARN_EMPTY_BODY = YES;
				CLANG_WARN_ENUM_CONVERSION = YES;
				CLANG_WARN_INT_CONVERSION = YES;
				CLANG_WARN_OBJC_ROOT_CLASS = YES_ERROR;
				CLANG_WARN_UNREACHABLE_CODE = YES;
				CLANG_WARN__DUPLICATE_METHOD_MATCH = YES;
				"CODE_SIGN_IDENTITY[sdk=iphoneos*]" = "iPhone Developer";
				COPY_PHASE_STRIP = NO;
				DEBUG_INFORMATION_FORMAT = "dwarf-with-dsym";
				ENABLE_NS_ASSERTIONS = NO;
				ENABLE_STRICT_OBJC_MSGSEND = YES;
				GCC_C_LANGUAGE_STANDARD = gnu99;
				GCC_NO_COMMON_BLOCKS = YES;
				GCC_WARN_64_TO_32_BIT_CONVERSION = YES;
				GCC_WARN_ABOUT_RETURN_TYPE = YES_ERROR;
				GCC_WARN_UNDECLARED_SELECTOR = YES;
				GCC_WARN_UNINITIALIZED_AUTOS = YES_AGGRESSIVE;
				GCC_WARN_UNUSED_FUNCTION = YES;
				GCC_WARN_UNUSED_VARIABLE = YES;
				IPHONEOS_DEPLOYMENT_TARGET = 9.3;
				MTL_ENABLE_DEBUG_INFO = NO;
				SDKROOT = iphoneos;
				TARGETED_DEVICE_FAMILY = "1,2";
				VALIDATE_PRODUCT = YES;
			};
			name = Release;
		};
		340AAE431D0F09AB00C488BF /* Debug */ = {
			isa = XCBuildConfiguration;
			buildSettings = {
				ASSETCATALOG_COMPILER_APPICON_NAME = AppIcon;
				GCC_TREAT_WARNINGS_AS_ERRORS = NO;
				INFOPLIST_FILE = HoustoniOSJune2016/Info.plist;
				LD_RUNPATH_SEARCH_PATHS = "$(inherited) @executable_path/Frameworks";
				PRODUCT_BUNDLE_IDENTIFIER = com.theironyard.houston.HoustoniOSJune2016;
				PRODUCT_NAME = "$(TARGET_NAME)";
			};
			name = Debug;
		};
		340AAE441D0F09AB00C488BF /* Release */ = {
			isa = XCBuildConfiguration;
			buildSettings = {
				ASSETCATALOG_COMPILER_APPICON_NAME = AppIcon;
				GCC_TREAT_WARNINGS_AS_ERRORS = NO;
				INFOPLIST_FILE = HoustoniOSJune2016/Info.plist;
				LD_RUNPATH_SEARCH_PATHS = "$(inherited) @executable_path/Frameworks";
				PRODUCT_BUNDLE_IDENTIFIER = com.theironyard.houston.HoustoniOSJune2016;
				PRODUCT_NAME = "$(TARGET_NAME)";
			};
			name = Release;
		};
/* End XCBuildConfiguration section */

/* Begin XCConfigurationList section */
		340AAE261D0F09AA00C488BF /* Build configuration list for PBXProject "HoustoniOSJune2016" */ = {
			isa = XCConfigurationList;
			buildConfigurations = (
				340AAE401D0F09AB00C488BF /* Debug */,
				340AAE411D0F09AB00C488BF /* Release */,
			);
			defaultConfigurationIsVisible = 0;
			defaultConfigurationName = Release;
		};
		340AAE421D0F09AB00C488BF /* Build configuration list for PBXNativeTarget "HoustoniOSJune2016" */ = {
			isa = XCConfigurationList;
			buildConfigurations = (
				340AAE431D0F09AB00C488BF /* Debug */,
				340AAE441D0F09AB00C488BF /* Release */,
			);
			defaultConfigurationIsVisible = 0;
			defaultConfigurationName = Release;
		};
/* End XCConfigurationList section */
	};
	rootObject = 340AAE231D0F09AA00C488BF /* Project object */;
}
